
Microsoft Visual Studio Solution File, Format Version 12.00
# Visual Studio Version 17
VisualStudioVersion = 17.1.32210.238
MinimumVisualStudioVersion = 10.0.40219.1
Project("{FAE04EC0-301F-11D3-BF4B-00C04F79EFBC}") = "DisplayHelperDemo", "DisplayHelperDemo\DisplayHelperDemo.csproj", "{5101FAC9-846C-4EAD-9989-600775817566}"
EndProject
Project("{FAE04EC0-301F-11D3-BF4B-00C04F79EFBC}") = "DisplayHelper", "DisplayHelper\DisplayHelper.csproj", "{682BEB9A-0CBC-48AD-B5E4-5BA9C472C1E4}"
EndProject
Project("{2150E333-8FDC-42A3-9474-1A3956D46DE8}") = "Solution Items", "Solution Items", "{FADC063D-EB4B-473E-AD46-FA7019358A63}"
	ProjectSection(SolutionItems) = preProject
		LICENSE.txt = LICENSE.txt
		README.md = README.md
	EndProjectSection
EndProject
Global
	GlobalSection(SolutionConfigurationPlatforms) = preSolution
		Debug|Any CPU = Debug|Any CPU
		Release|Any CPU = Release|Any CPU
	EndGlobalSection
	GlobalSection(ProjectConfigurationPlatforms) = postSolution
		{5101FAC9-846C-4EAD-9989-600775817566}.Debug|Any CPU.ActiveCfg = Debug|Any CPU
		{5101FAC9-846C-4EAD-9989-600775817566}.Debug|Any CPU.Build.0 = Debug|Any CPU
		{5101FAC9-846C-4EAD-9989-600775817566}.Release|Any CPU.ActiveCfg = Release|Any CPU
		{5101FAC9-846C-4EAD-9989-600775817566}.Release|Any CPU.Build.0 = Release|Any CPU
		{682BEB9A-0CBC-48AD-B5E4-5BA9C472C1E4}.Debug|Any CPU.ActiveCfg = Debug|Any CPU
		{682BEB9A-0CBC-48AD-B5E4-5BA9C472C1E4}.Debug|Any CPU.Build.0 = Debug|Any CPU
		{682BEB9A-0CBC-48AD-B5E4-5BA9C472C1E4}.Release|Any CPU.ActiveCfg = Release|Any CPU
		{682BEB9A-0CBC-48AD-B5E4-5BA9C472C1E4}.Release|Any CPU.Build.0 = Release|Any CPU
	EndGlobalSection
	GlobalSection(SolutionProperties) = preSolution
		HideSolutionNode = FALSE
	EndGlobalSection
	GlobalSection(ExtensibilityGlobals) = postSolution
		SolutionGuid = {D380BCDC-F2C1-42D3-BC1F-714EF5E3A462}
	EndGlobalSection
EndGlobal
